
Microsoft Visual Studio Solution File, Format Version 12.00
Project("{FAE04EC0-301F-11D3-BF4B-00C04F79EFBC}") = "ProseFlow.UI", "ProseFlow.UI\ProseFlow.UI.csproj", "{3EDD7376-516A-47B4-94F9-F58E792FECFC}"
EndProject
Project("{FAE04EC0-301F-11D3-BF4B-00C04F79EFBC}") = "ProseFlow.Core", "ProseFlow.Core\ProseFlow.Core.csproj", "{C8EA5F18-A845-450A-B89A-A7379F68F9CD}"
EndProject
Project("{FAE04EC0-301F-11D3-BF4B-00C04F79EFBC}") = "ProseFlow.Infrastructure", "ProseFlow.Infrastructure\ProseFlow.Infrastructure.csproj", "{7D524BFA-FF09-4E95-88FB-186137CC1F1E}"
EndProject
Project("{FAE04EC0-301F-11D3-BF4B-00C04F79EFBC}") = "ProseFlow.Application", "ProseFlow.Application\ProseFlow.Application.csproj", "{A87A3C8A-1678-479B-B2DA-DB304D8C3BFF}"
EndProject
Global
	GlobalSection(SolutionConfigurationPlatforms) = preSolution
		Debug|Any CPU = Debug|Any CPU
		Release|Any CPU = Release|Any CPU
	EndGlobalSection
	GlobalSection(ProjectConfigurationPlatforms) = postSolution
		{3EDD7376-516A-47B4-94F9-F58E792FECFC}.Debug|Any CPU.ActiveCfg = Debug|Any CPU
		{3EDD7376-516A-47B4-94F9-F58E792FECFC}.Debug|Any CPU.Build.0 = Debug|Any CPU
		{3EDD7376-516A-47B4-94F9-F58E792FECFC}.Release|Any CPU.ActiveCfg = Release|Any CPU
		{3EDD7376-516A-47B4-94F9-F58E792FECFC}.Release|Any CPU.Build.0 = Release|Any CPU
		{C8EA5F18-A845-450A-B89A-A7379F68F9CD}.Debug|Any CPU.ActiveCfg = Debug|Any CPU
		{C8EA5F18-A845-450A-B89A-A7379F68F9CD}.Debug|Any CPU.Build.0 = Debug|Any CPU
		{C8EA5F18-A845-450A-B89A-A7379F68F9CD}.Release|Any CPU.ActiveCfg = Release|Any CPU
		{C8EA5F18-A845-450A-B89A-A7379F68F9CD}.Release|Any CPU.Build.0 = Release|Any CPU
		{7D524BFA-FF09-4E95-88FB-186137CC1F1E}.Debug|Any CPU.ActiveCfg = Debug|Any CPU
		{7D524BFA-FF09-4E95-88FB-186137CC1F1E}.Debug|Any CPU.Build.0 = Debug|Any CPU
		{7D524BFA-FF09-4E95-88FB-186137CC1F1E}.Release|Any CPU.ActiveCfg = Release|Any CPU
		{7D524BFA-FF09-4E95-88FB-186137CC1F1E}.Release|Any CPU.Build.0 = Release|Any CPU
		{A87A3C8A-1678-479B-B2DA-DB304D8C3BFF}.Debug|Any CPU.ActiveCfg = Debug|Any CPU
		{A87A3C8A-1678-479B-B2DA-DB304D8C3BFF}.Debug|Any CPU.Build.0 = Debug|Any CPU
		{A87A3C8A-1678-479B-B2DA-DB304D8C3BFF}.Release|Any CPU.ActiveCfg = Release|Any CPU
		{A87A3C8A-1678-479B-B2DA-DB304D8C3BFF}.Release|Any CPU.Build.0 = Release|Any CPU
	EndGlobalSection
EndGlobal
